
Microsoft Visual Studio Solution File, Format Version 12.00
# Visual Studio Version 17
VisualStudioVersion = 17.5.002.0
MinimumVisualStudioVersion = 10.0.40219.1
Project("{9A19103F-16F7-4668-BE54-9A1E7A4F7556}") = "BPMaster", "BPMaster.csproj", "{ED9CCCCC-E964-49FC-A0C6-0BAC6C2D6CBD}"
EndProject
Global
	GlobalSection(SolutionConfigurationPlatforms) = preSolution
		Debug|Any CPU = Debug|Any CPU
		Release|Any CPU = Release|Any CPU
	EndGlobalSection
	GlobalSection(ProjectConfigurationPlatforms) = postSolution
		{ED9CCCCC-E964-49FC-A0C6-0BAC6C2D6CBD}.Debug|Any CPU.ActiveCfg = Debug|Any CPU
		{ED9CCCCC-E964-49FC-A0C6-0BAC6C2D6CBD}.Debug|Any CPU.Build.0 = Debug|Any CPU
		{ED9CCCCC-E964-49FC-A0C6-0BAC6C2D6CBD}.Release|Any CPU.ActiveCfg = Release|Any CPU
		{ED9CCCCC-E964-49FC-A0C6-0BAC6C2D6CBD}.Release|Any CPU.Build.0 = Release|Any CPU
	EndGlobalSection
	GlobalSection(SolutionProperties) = preSolution
		HideSolutionNode = FALSE
	EndGlobalSection
	GlobalSection(ExtensibilityGlobals) = postSolution
		SolutionGuid = {0A3DDB77-5F2D-49EC-B186-DF0A90A8568E}
	EndGlobalSection
EndGlobal
